
Microsoft Visual Studio Solution File, Format Version 12.00
# Visual Studio Version 17
VisualStudioVersion = 17.11.35222.181
MinimumVisualStudioVersion = 10.0.40219.1
Project("{FAE04EC0-301F-11D3-BF4B-00C04F79EFBC}") = "Sana06", "Sana06.csproj", "{92955353-D8F5-47D1-A54B-6E52B4286869}"
EndProject
Global
	GlobalSection(SolutionConfigurationPlatforms) = preSolution
		Debug|Any CPU = Debug|Any CPU
		Release|Any CPU = Release|Any CPU
	EndGlobalSection
	GlobalSection(ProjectConfigurationPlatforms) = postSolution
		{92955353-D8F5-47D1-A54B-6E52B4286869}.Debug|Any CPU.ActiveCfg = Debug|Any CPU
		{92955353-D8F5-47D1-A54B-6E52B4286869}.Debug|Any CPU.Build.0 = Debug|Any CPU
		{92955353-D8F5-47D1-A54B-6E52B4286869}.Release|Any CPU.ActiveCfg = Release|Any CPU
		{92955353-D8F5-47D1-A54B-6E52B4286869}.Release|Any CPU.Build.0 = Release|Any CPU
	EndGlobalSection
	GlobalSection(SolutionProperties) = preSolution
		HideSolutionNode = FALSE
	EndGlobalSection
	GlobalSection(ExtensibilityGlobals) = postSolution
		SolutionGuid = {FFB0D3AC-7E05-4F7B-9321-A0B8DB45609B}
	EndGlobalSection
EndGlobal
